
Microsoft Visual Studio Solution File, Format Version 12.00
# Visual Studio Version 17
VisualStudioVersion = 17.0.31717.71
MinimumVisualStudioVersion = 10.0.40219.1
Project("{9A19103F-16F7-4668-BE54-9A1E7A4F7556}") = "minimalapi-dotnet6", "minimalapi-dotnet6.csproj", "{D4682349-AC0F-4E21-BD91-BFC48F6F89A3}"
EndProject
Global
	GlobalSection(SolutionConfigurationPlatforms) = preSolution
		Debug|Any CPU = Debug|Any CPU
		Release|Any CPU = Release|Any CPU
	EndGlobalSection
	GlobalSection(ProjectConfigurationPlatforms) = postSolution
		{D4682349-AC0F-4E21-BD91-BFC48F6F89A3}.Debug|Any CPU.ActiveCfg = Debug|Any CPU
		{D4682349-AC0F-4E21-BD91-BFC48F6F89A3}.Debug|Any CPU.Build.0 = Debug|Any CPU
		{D4682349-AC0F-4E21-BD91-BFC48F6F89A3}.Release|Any CPU.ActiveCfg = Release|Any CPU
		{D4682349-AC0F-4E21-BD91-BFC48F6F89A3}.Release|Any CPU.Build.0 = Release|Any CPU
	EndGlobalSection
	GlobalSection(SolutionProperties) = preSolution
		HideSolutionNode = FALSE
	EndGlobalSection
	GlobalSection(ExtensibilityGlobals) = postSolution
		SolutionGuid = {59590CDE-4E23-42A6-A9B9-B7F2B8E1E938}
	EndGlobalSection
EndGlobal
